{
  "name": "TennisProject",
  "lockfileVersion": 2,
  "requires": true,
  "packages": {
    "": {
      "dependencies": {
        "config-template": "^1.1.0"
      }
    },
    "node_modules/async-kit": {
      "version": "2.2.4",
      "resolved": "https://registry.npmjs.org/async-kit/-/async-kit-2.2.4.tgz",
      "integrity": "sha512-LuWbpSYdTwrGv5MWhsUY69UaQAc3AYMwf/LwTupotu/ubb/1TjDd03WK1eoMXRK/s3bmi4aUkKY0TmxYQgRrmw==",
      "dependencies": {
        "nextgen-events": "^0.14.5",
        "tree-kit": "^0.5.27"
      }
    },
    "node_modules/async-kit/node_modules/nextgen-events": {
      "version": "0.14.6",
      "resolved": "https://registry.npmjs.org/nextgen-events/-/nextgen-events-0.14.6.tgz",
      "integrity": "sha512-Ln9d5Midoah7RCxFk8z9tAAcRW/VkB4wZ61Nnw8aqM1/lb/WfPAnlzpLGYRghEjwZdXQNQedTfD/gclYMeI0eQ==",
      "engines": {
        "node": ">=6.0.0"
      }
    },
    "node_modules/config-template": {
      "version": "1.1.0",
      "resolved": "https://registry.npmjs.org/config-template/-/config-template-1.1.0.tgz",
      "integrity": "sha512-J2jawfKM5g0HegfJM392U8l2gcJZKmvX3gSPkK0SAhEOXAvK2ZOaBN1XvSkuRv1927C0ucm08U3AY28mGkEsgQ==",
      "dependencies": {
        "keypress": "^0.2.1",
        "lodash": "^4.17.2",
        "terminal-kit": "^0.25.3",
        "validator": "^6.1.0"
      }
    },
    "node_modules/keypress": {
      "version": "0.2.1",
      "resolved": "https://registry.npmjs.org/keypress/-/keypress-0.2.1.tgz",
      "integrity": "sha512-HjorDJFNhnM4SicvaUXac0X77NiskggxJdesG72+O5zBKpSqKFCrqmndKVqpu3pFqkla0St6uGk8Ju0sCurrmg=="
    },
    "node_modules/lodash": {
      "version": "4.17.21",
      "resolved": "https://registry.npmjs.org/lodash/-/lodash-4.17.21.tgz",
      "integrity": "sha512-v2kDEe57lecTulaDIuNTPy3Ry4gLGJ6Z1O3vE1krgXZNrsQ+LFTGHVxVjcXPs17LhbZVGedAJv8XZ1tvj5FvSg=="
    },
    "node_modules/nextgen-events": {
      "version": "0.9.9",
      "resolved": "https://registry.npmjs.org/nextgen-events/-/nextgen-events-0.9.9.tgz",
      "integrity": "sha512-JWGZJC5Td9w+MALnwZhbmr2fdyWcGheenAe/+HT1WyXaMIOubB5JQr3k+/GiVoZaDGiTxdhVq9JBl+bkrF2Gsw=="
    },
    "node_modules/string-kit": {
      "version": "0.5.27",
      "resolved": "https://registry.npmjs.org/string-kit/-/string-kit-0.5.27.tgz",
      "integrity": "sha512-folwNms0Xq4SCUmsRZfnj1uQsD1lrH/fTXdGCYgdlDxMEWMfMfvt8A3Fc60/Zwvxj74nVBBJzxc2NaW5KaeWAA==",
      "dependencies": {
        "tree-kit": "^0.5.24",
        "xregexp": "^3.2.0"
      },
      "engines": {
        "node": ">=4.0.0"
      }
    },
    "node_modules/terminal-kit": {
      "version": "0.25.6",
      "resolved": "https://registry.npmjs.org/terminal-kit/-/terminal-kit-0.25.6.tgz",
      "integrity": "sha512-vGMKMhqNbCgOHnxTtVrE7hZGgn1qwCPiLgXhD841WXWKr7AdBTlW9AeM3l28F5HVXKnVIqgqlMt8xjWvyM2i3A==",
      "dependencies": {
        "async-kit": "^2.2.3",
        "nextgen-events": "^0.9.8",
        "string-kit": "^0.5.12",
        "tree-kit": "^0.5.26"
      },
      "engines": {
        "node": ">=4.5.0"
      }
    },
    "node_modules/tree-kit": {
      "version": "0.5.27",
      "resolved": "https://registry.npmjs.org/tree-kit/-/tree-kit-0.5.27.tgz",
      "integrity": "sha512-0AtAzYDYaKSzeEPK3SI72lg/io5jrBxnT1gIRxEQasJycpQf5iXGh6YAl1kkh9wHmLlNRhDx0oj+GZEQHVe+cw=="
    },
    "node_modules/validator": {
      "version": "6.3.0",
      "resolved": "https://registry.npmjs.org/validator/-/validator-6.3.0.tgz",
      "integrity": "sha512-BylxTwhqwjQI5MDJF7amCy/L0ejJO+74DvCsLV52Lq3+3bhVcVMKqNqOiNcQJm2G48u9EAcw4xFERAmFbwXM9Q==",
      "engines": {
        "node": ">= 0.10"
      }
    },
    "node_modules/xregexp": {
      "version": "3.2.0",
      "resolved": "https://registry.npmjs.org/xregexp/-/xregexp-3.2.0.tgz",
      "integrity": "sha512-tWodXkrdYZPGadukpkmhKAbyp37CV5ZiFHacIVPhRZ4/sSt7qtOYHLv2dAqcPN0mBsViY2Qai9JkO7v2TBP6hg=="
    }
  },
  "dependencies": {
    "async-kit": {
      "version": "2.2.4",
      "resolved": "https://registry.npmjs.org/async-kit/-/async-kit-2.2.4.tgz",
      "integrity": "sha512-LuWbpSYdTwrGv5MWhsUY69UaQAc3AYMwf/LwTupotu/ubb/1TjDd03WK1eoMXRK/s3bmi4aUkKY0TmxYQgRrmw==",
      "requires": {
        "nextgen-events": "^0.14.5",
        "tree-kit": "^0.5.27"
      },
      "dependencies": {
        "nextgen-events": {
          "version": "0.14.6",
          "resolved": "https://registry.npmjs.org/nextgen-events/-/nextgen-events-0.14.6.tgz",
          "integrity": "sha512-Ln9d5Midoah7RCxFk8z9tAAcRW/VkB4wZ61Nnw8aqM1/lb/WfPAnlzpLGYRghEjwZdXQNQedTfD/gclYMeI0eQ=="
        }
      }
    },
    "config-template": {
      "version": "1.1.0",
      "resolved": "https://registry.npmjs.org/config-template/-/config-template-1.1.0.tgz",
      "integrity": "sha512-J2jawfKM5g0HegfJM392U8l2gcJZKmvX3gSPkK0SAhEOXAvK2ZOaBN1XvSkuRv1927C0ucm08U3AY28mGkEsgQ==",
      "requires": {
        "keypress": "^0.2.1",
        "lodash": "^4.17.2",
        "terminal-kit": "^0.25.3",
        "validator": "^6.1.0"
      }
    },
    "keypress": {
      "version": "0.2.1",
      "resolved": "https://registry.npmjs.org/keypress/-/keypress-0.2.1.tgz",
      "integrity": "sha512-HjorDJFNhnM4SicvaUXac0X77NiskggxJdesG72+O5zBKpSqKFCrqmndKVqpu3pFqkla0St6uGk8Ju0sCurrmg=="
    },
    "lodash": {
      "version": "4.17.21",
      "resolved": "https://registry.npmjs.org/lodash/-/lodash-4.17.21.tgz",
      "integrity": "sha512-v2kDEe57lecTulaDIuNTPy3Ry4gLGJ6Z1O3vE1krgXZNrsQ+LFTGHVxVjcXPs17LhbZVGedAJv8XZ1tvj5FvSg=="
    },
    "nextgen-events": {
      "version": "0.9.9",
      "resolved": "https://registry.npmjs.org/nextgen-events/-/nextgen-events-0.9.9.tgz",
      "integrity": "sha512-JWGZJC5Td9w+MALnwZhbmr2fdyWcGheenAe/+HT1WyXaMIOubB5JQr3k+/GiVoZaDGiTxdhVq9JBl+bkrF2Gsw=="
    },
    "string-kit": {
      "version": "0.5.27",
      "resolved": "https://registry.npmjs.org/string-kit/-/string-kit-0.5.27.tgz",
      "integrity": "sha512-folwNms0Xq4SCUmsRZfnj1uQsD1lrH/fTXdGCYgdlDxMEWMfMfvt8A3Fc60/Zwvxj74nVBBJzxc2NaW5KaeWAA==",
      "requires": {
        "tree-kit": "^0.5.24",
        "xregexp": "^3.2.0"
      }
    },
    "terminal-kit": {
      "version": "0.25.6",
      "resolved": "https://registry.npmjs.org/terminal-kit/-/terminal-kit-0.25.6.tgz",
      "integrity": "sha512-vGMKMhqNbCgOHnxTtVrE7hZGgn1qwCPiLgXhD841WXWKr7AdBTlW9AeM3l28F5HVXKnVIqgqlMt8xjWvyM2i3A==",
      "requires": {
        "async-kit": "^2.2.3",
        "nextgen-events": "^0.9.8",
        "string-kit": "^0.5.12",
        "tree-kit": "^0.5.26"
      }
    },
    "tree-kit": {
      "version": "0.5.27",
      "resolved": "https://registry.npmjs.org/tree-kit/-/tree-kit-0.5.27.tgz",
      "integrity": "sha512-0AtAzYDYaKSzeEPK3SI72lg/io5jrBxnT1gIRxEQasJycpQf5iXGh6YAl1kkh9wHmLlNRhDx0oj+GZEQHVe+cw=="
    },
    "validator": {
      "version": "6.3.0",
      "resolved": "https://registry.npmjs.org/validator/-/validator-6.3.0.tgz",
      "integrity": "sha512-BylxTwhqwjQI5MDJF7amCy/L0ejJO+74DvCsLV52Lq3+3bhVcVMKqNqOiNcQJm2G48u9EAcw4xFERAmFbwXM9Q=="
    },
    "xregexp": {
      "version": "3.2.0",
      "resolved": "https://registry.npmjs.org/xregexp/-/xregexp-3.2.0.tgz",
      "integrity": "sha512-tWodXkrdYZPGadukpkmhKAbyp37CV5ZiFHacIVPhRZ4/sSt7qtOYHLv2dAqcPN0mBsViY2Qai9JkO7v2TBP6hg=="
    }
  }
}
